
Microsoft Visual Studio Solution File, Format Version 12.00
# Visual Studio Version 17
VisualStudioVersion = 17.3.32901.215
MinimumVisualStudioVersion = 10.0.40219.1
Project("{FAE04EC0-301F-11D3-BF4B-00C04F79EFBC}") = "WinFormsApp1", "WinFormsApp1\WinFormsApp1.csproj", "{0A446ADC-333D-4659-A18B-901E2AFAE52F}"
EndProject
Global
	GlobalSection(SolutionConfigurationPlatforms) = preSolution
		Debug|Any CPU = Debug|Any CPU
		Release|Any CPU = Release|Any CPU
	EndGlobalSection
	GlobalSection(ProjectConfigurationPlatforms) = postSolution
		{0A446ADC-333D-4659-A18B-901E2AFAE52F}.Debug|Any CPU.ActiveCfg = Debug|Any CPU
		{0A446ADC-333D-4659-A18B-901E2AFAE52F}.Debug|Any CPU.Build.0 = Debug|Any CPU
		{0A446ADC-333D-4659-A18B-901E2AFAE52F}.Release|Any CPU.ActiveCfg = Release|Any CPU
		{0A446ADC-333D-4659-A18B-901E2AFAE52F}.Release|Any CPU.Build.0 = Release|Any CPU
	EndGlobalSection
	GlobalSection(SolutionProperties) = preSolution
		HideSolutionNode = FALSE
	EndGlobalSection
	GlobalSection(ExtensibilityGlobals) = postSolution
		SolutionGuid = {FA74BD69-81B1-475D-A71D-CE716E4DD328}
	EndGlobalSection
EndGlobal
